{
  "name": "codekit-project",
  "version": "1.0.0",
  "lockfileVersion": 3,
  "requires": true,
  "packages": {
    "": {
      "name": "codekit-project",
      "version": "1.0.0",
      "license": "UNLICENSED",
      "dependencies": {
        "@fancyapps/ui": "^5.0.33",
        "@tinymce/tinymce-jquery": "^2.1.0",
        "eric-meyer-reset": "^2.0.0",
        "feather-icons": "^4.29.1",
        "gsap": "^3.11.3",
        "headroom.js": "^0.12.0",
        "jquery": "^3.6.1",
        "scrollmagic": "^2.0.8",
        "slick-carousel": "^1.8.1",
        "swiper": "^11.0.6"
      },
      "devDependencies": {}
    },
    "node_modules/@fancyapps/ui": {
      "version": "5.0.33",
      "resolved": "https://registry.npmjs.org/@fancyapps/ui/-/ui-5.0.33.tgz",
      "integrity": "sha512-nYW7ntjhrpqoLz/vA9KpJ2zJ5gXRB7rpFKXWjW4GC1f2st/IoI1Oy2TEEz0xABIlvPTCuoMXaT1X3UC7bP97rA=="
    },
    "node_modules/@tinymce/tinymce-jquery": {
      "version": "2.1.0",
      "resolved": "https://registry.npmjs.org/@tinymce/tinymce-jquery/-/tinymce-jquery-2.1.0.tgz",
      "integrity": "sha512-ynfgfL/n5/Us7h3AnJL3mAwsShuE/USvAJFOdilJDkZuVCypWSwVVo3E3wIqSzDGvqyU+293ok1+sD+jxraT8w=="
    },
    "node_modules/classnames": {
      "version": "2.5.1",
      "resolved": "https://registry.npmjs.org/classnames/-/classnames-2.5.1.tgz",
      "integrity": "sha512-saHYOzhIQs6wy2sVxTM6bUDsQO4F50V9RQ22qBpEdCW+I+/Wmke2HOl6lS6dTpdxVhb88/I6+Hs+438c3lfUow=="
    },
    "node_modules/core-js": {
      "version": "3.35.0",
      "resolved": "https://registry.npmjs.org/core-js/-/core-js-3.35.0.tgz",
      "integrity": "sha512-ntakECeqg81KqMueeGJ79Q5ZgQNR+6eaE8sxGCx62zMbAIj65q+uYvatToew3m6eAGdU4gNZwpZ34NMe4GYswg==",
      "hasInstallScript": true,
      "funding": {
        "type": "opencollective",
        "url": "https://opencollective.com/core-js"
      }
    },
    "node_modules/eric-meyer-reset": {
      "version": "2.0.0",
      "resolved": "https://registry.npmjs.org/eric-meyer-reset/-/eric-meyer-reset-2.0.0.tgz",
      "integrity": "sha1-dPksxkcQLxMO/XQk49IDhnH69sA="
    },
    "node_modules/feather-icons": {
      "version": "4.29.1",
      "resolved": "https://registry.npmjs.org/feather-icons/-/feather-icons-4.29.1.tgz",
      "integrity": "sha512-P1we61haGTds6lKWe6CCVPsNULb8tHr1y6S9gXEpU+lNR1Ja7GdV0A1l2hTNmzXv+0Stix/3YMWMAn7n1Qtd6A==",
      "dependencies": {
        "classnames": "^2.2.5",
        "core-js": "^3.1.3"
      }
    },
    "node_modules/gsap": {
      "version": "3.12.5",
      "resolved": "https://registry.npmjs.org/gsap/-/gsap-3.12.5.tgz",
      "integrity": "sha512-srBfnk4n+Oe/ZnMIOXt3gT605BX9x5+rh/prT2F1SsNJsU1XuMiP0E2aptW481OnonOGACZWBqseH5Z7csHxhQ=="
    },
    "node_modules/headroom.js": {
      "version": "0.12.0",
      "resolved": "https://registry.npmjs.org/headroom.js/-/headroom.js-0.12.0.tgz",
      "integrity": "sha512-iXnAafUm3FdzfJ91uixLws2hkKI1jC8bAKK/pt7XYr8Ie1jO7xbK48Ycpl9tUPyBgkzuj1p/PhJS0fy4E/5anA=="
    },
    "node_modules/jquery": {
      "version": "3.6.1",
      "resolved": "https://registry.npmjs.org/jquery/-/jquery-3.6.1.tgz",
      "integrity": "sha512-opJeO4nCucVnsjiXOE+/PcCgYw9Gwpvs/a6B1LL/lQhwWwpbVEVYDZ1FokFr8PRc7ghYlrFPuyHuiiDNTQxmcw=="
    },
    "node_modules/scrollmagic": {
      "version": "2.0.8",
      "resolved": "https://registry.npmjs.org/scrollmagic/-/scrollmagic-2.0.8.tgz",
      "integrity": "sha512-UYXEGBPVLziovXl3FjHGkY9c4UXKUKopIdXwWR2JapWxCo0U345wYegi7rcsv5vHf/ktc1bSNWy4QRFiV+Yccw==",
      "engines": {
        "node": ">=0.10.x"
      }
    },
    "node_modules/slick-carousel": {
      "version": "1.8.1",
      "resolved": "https://registry.npmjs.org/slick-carousel/-/slick-carousel-1.8.1.tgz",
      "integrity": "sha512-XB9Ftrf2EEKfzoQXt3Nitrt/IPbT+f1fgqBdoxO3W/+JYvtEOW6EgxnWfr9GH6nmULv7Y2tPmEX3koxThVmebA==",
      "peerDependencies": {
        "jquery": ">=1.8.0"
      }
    },
    "node_modules/swiper": {
      "version": "11.0.6",
      "resolved": "https://registry.npmjs.org/swiper/-/swiper-11.0.6.tgz",
      "integrity": "sha512-W/Me7MQl5rNgdM5x9i3Gll76WsyVpnHn91GhBOyL7RCFUeg62aVnflzlVfIpXzZ/87FtJOfAoDH79ZH2Yq76zA==",
      "funding": [
        {
          "type": "patreon",
          "url": "https://www.patreon.com/swiperjs"
        },
        {
          "type": "open_collective",
          "url": "http://opencollective.com/swiper"
        }
      ],
      "engines": {
        "node": ">= 4.7.0"
      }
    }
  }
}
